{
  "name": "@rohrwerkzeuge/actions-toolkit",
  "version": "0.1.0",
  "lockfileVersion": 3,
  "requires": true,
  "packages": {
    "": {
      "name": "@rohrwerkzeuge/actions-toolkit",
      "version": "0.1.0",
      "license": "GPL-3.0",
      "dependencies": {
        "@1password/sdk": "0.3.0"
      },
      "devDependencies": {
        "@types/node": "22.18.9",
        "tslib": "^2.8.1"
      }
    },
    "node_modules/@1password/sdk": {
      "version": "0.3.0",
      "resolved": "https://registry.npmjs.org/@1password/sdk/-/sdk-0.3.0.tgz",
      "integrity": "sha512-JIvZ8F3MCVW4ebxIdw2KjzeoAtQw6387zDNFhWQpZJBLR6LoJwsG5fXEHFF5FjLitRgIua9qtq9Bj59QkU1k/A==",
      "license": "MIT",
      "dependencies": {
        "@1password/sdk-core": "0.3.0"
      }
    },
    "node_modules/@1password/sdk-core": {
      "version": "0.3.0",
      "resolved": "https://registry.npmjs.org/@1password/sdk-core/-/sdk-core-0.3.0.tgz",
      "integrity": "sha512-2ZBshSguEe8TSwJrW7Ur1HMZhfE5UxV6dCzxzGfIHd1VO2ZbzadOFqubZwNQYAJJKR8lvZJJMTLvYiYkUa2hEw==",
      "license": "MIT"
    },
    "node_modules/@types/node": {
      "version": "22.18.9",
      "resolved": "https://registry.npmjs.org/@types/node/-/node-22.18.9.tgz",
      "integrity": "sha512-5yBtK0k/q8PjkMXbTfeIEP/XVYnz1R9qZJ3yUicdEW7ppdDJfe+MqXEhpqDL3mtn4Wvs1u0KLEG0RXzCgNpsSg==",
      "dev": true,
      "license": "MIT",
      "dependencies": {
        "undici-types": "~6.21.0"
      }
    },
    "node_modules/tslib": {
      "version": "2.8.1",
      "resolved": "https://registry.npmjs.org/tslib/-/tslib-2.8.1.tgz",
      "integrity": "sha512-oJFu94HQb+KVduSUQL7wnpmqnfmLsOA/nAh6b6EH0wCEoK0/mPeXU6c3wKDV83MkOuHPRHtSXKKU99IBazS/2w==",
      "dev": true,
      "license": "0BSD"
    },
    "node_modules/undici-types": {
      "version": "6.21.0",
      "resolved": "https://registry.npmjs.org/undici-types/-/undici-types-6.21.0.tgz",
      "integrity": "sha512-iwDZqg0QAGrg9Rav5H4n0M64c3mkR59cJ6wQp+7C4nI0gsmExaedaYLNO44eT4AtBBwjbTiGPMlt2Md0T9H9JQ==",
      "dev": true,
      "license": "MIT"
    }
  }
}
