{
  "name": "@rohrwerkzeuge/actions-toolkit",
  "version": "0.1.0",
  "lockfileVersion": 3,
  "requires": true,
  "packages": {
    "": {
      "name": "@rohrwerkzeuge/actions-toolkit",
      "version": "0.1.0",
      "license": "GPL-3.0",
      "dependencies": {
        "@1password/sdk": "0.3.1"
      },
      "devDependencies": {
        "@types/node": "24.9.2",
        "tslib": "^2.8.1"
      }
    },
    "node_modules/@1password/sdk": {
      "version": "0.3.1",
      "resolved": "https://registry.npmjs.org/@1password/sdk/-/sdk-0.3.1.tgz",
      "integrity": "sha512-20zbQfqsjcECT0gvnAw4zONJDt3XQgNH946pZR0NV1Qxukyaz/DKB0cBnBNCCEWZg93Bah8poaR6gJCyuNX14w==",
      "license": "MIT",
      "dependencies": {
        "@1password/sdk-core": "0.3.1"
      }
    },
    "node_modules/@1password/sdk-core": {
      "version": "0.3.1",
      "resolved": "https://registry.npmjs.org/@1password/sdk-core/-/sdk-core-0.3.1.tgz",
      "integrity": "sha512-zFkbRznmE47kpke10OpO/9R0AF5csNWS+naFbadgXuFX1LlxY+2C28NSKbCXhLTqmcuWifBfPdZQ728GJ1i5xg==",
      "license": "MIT"
    },
    "node_modules/@types/node": {
      "version": "24.9.2",
      "resolved": "https://registry.npmjs.org/@types/node/-/node-24.9.2.tgz",
      "integrity": "sha512-uWN8YqxXxqFMX2RqGOrumsKeti4LlmIMIyV0lgut4jx7KQBcBiW6vkDtIBvHnHIquwNfJhk8v2OtmO8zXWHfPA==",
      "dev": true,
      "license": "MIT",
      "dependencies": {
        "undici-types": "~7.16.0"
      }
    },
    "node_modules/tslib": {
      "version": "2.8.1",
      "resolved": "https://registry.npmjs.org/tslib/-/tslib-2.8.1.tgz",
      "integrity": "sha512-oJFu94HQb+KVduSUQL7wnpmqnfmLsOA/nAh6b6EH0wCEoK0/mPeXU6c3wKDV83MkOuHPRHtSXKKU99IBazS/2w==",
      "dev": true,
      "license": "0BSD"
    },
    "node_modules/undici-types": {
      "version": "7.16.0",
      "resolved": "https://registry.npmjs.org/undici-types/-/undici-types-7.16.0.tgz",
      "integrity": "sha512-Zz+aZWSj8LE6zoxD+xrjh4VfkIG8Ya6LvYkZqtUQGJPZjYl53ypCaUwWqo7eI0x66KBGeRo+mlBEkMSeSZ38Nw==",
      "dev": true,
      "license": "MIT"
    }
  }
}
